
Microsoft Visual Studio Solution File, Format Version 12.00
# Visual Studio Version 16
VisualStudioVersion = 16.0.31729.503
MinimumVisualStudioVersion = 10.0.40219.1
Project("{FAE04EC0-301F-11D3-BF4B-00C04F79EFBC}") = "ClassSubmissionAssignment", "ClassSubmissionAssignment\ClassSubmissionAssignment.csproj", "{73B54F56-FB47-4D8A-95FF-BDC49C24B5A2}"
EndProject
Global
	GlobalSection(SolutionConfigurationPlatforms) = preSolution
		Debug|Any CPU = Debug|Any CPU
		Release|Any CPU = Release|Any CPU
	EndGlobalSection
	GlobalSection(ProjectConfigurationPlatforms) = postSolution
		{73B54F56-FB47-4D8A-95FF-BDC49C24B5A2}.Debug|Any CPU.ActiveCfg = Debug|Any CPU
		{73B54F56-FB47-4D8A-95FF-BDC49C24B5A2}.Debug|Any CPU.Build.0 = Debug|Any CPU
		{73B54F56-FB47-4D8A-95FF-BDC49C24B5A2}.Release|Any CPU.ActiveCfg = Release|Any CPU
		{73B54F56-FB47-4D8A-95FF-BDC49C24B5A2}.Release|Any CPU.Build.0 = Release|Any CPU
	EndGlobalSection
	GlobalSection(SolutionProperties) = preSolution
		HideSolutionNode = FALSE
	EndGlobalSection
	GlobalSection(ExtensibilityGlobals) = postSolution
		SolutionGuid = {08E7E8FD-16E7-4484-844B-F4EE9ECB70DF}
	EndGlobalSection
EndGlobal
