
Microsoft Visual Studio Solution File, Format Version 12.00
# Visual Studio Version 16
VisualStudioVersion = 16.0.31729.503
MinimumVisualStudioVersion = 10.0.40219.1
Project("{FAE04EC0-301F-11D3-BF4B-00C04F79EFBC}") = "Loops", "Loops\Loops.csproj", "{A4702C40-6199-4A31-AF87-ACA68F3B0842}"
EndProject
Global
	GlobalSection(SolutionConfigurationPlatforms) = preSolution
		Debug|Any CPU = Debug|Any CPU
		Release|Any CPU = Release|Any CPU
	EndGlobalSection
	GlobalSection(ProjectConfigurationPlatforms) = postSolution
		{A4702C40-6199-4A31-AF87-ACA68F3B0842}.Debug|Any CPU.ActiveCfg = Debug|Any CPU
		{A4702C40-6199-4A31-AF87-ACA68F3B0842}.Debug|Any CPU.Build.0 = Debug|Any CPU
		{A4702C40-6199-4A31-AF87-ACA68F3B0842}.Release|Any CPU.ActiveCfg = Release|Any CPU
		{A4702C40-6199-4A31-AF87-ACA68F3B0842}.Release|Any CPU.Build.0 = Release|Any CPU
	EndGlobalSection
	GlobalSection(SolutionProperties) = preSolution
		HideSolutionNode = FALSE
	EndGlobalSection
	GlobalSection(ExtensibilityGlobals) = postSolution
		SolutionGuid = {D57B92E3-C0D0-4FEA-BF3A-950CB2E8FAF3}
	EndGlobalSection
EndGlobal
