
Microsoft Visual Studio Solution File, Format Version 12.00
# Visual Studio Version 16
VisualStudioVersion = 16.0.31729.503
MinimumVisualStudioVersion = 10.0.40219.1
Project("{FAE04EC0-301F-11D3-BF4B-00C04F79EFBC}") = "MainMethodAssignment", "MainMethodAssignment\MainMethodAssignment.csproj", "{4C263696-40AD-482C-B269-53DE7A106FAC}"
EndProject
Global
	GlobalSection(SolutionConfigurationPlatforms) = preSolution
		Debug|Any CPU = Debug|Any CPU
		Release|Any CPU = Release|Any CPU
	EndGlobalSection
	GlobalSection(ProjectConfigurationPlatforms) = postSolution
		{4C263696-40AD-482C-B269-53DE7A106FAC}.Debug|Any CPU.ActiveCfg = Debug|Any CPU
		{4C263696-40AD-482C-B269-53DE7A106FAC}.Debug|Any CPU.Build.0 = Debug|Any CPU
		{4C263696-40AD-482C-B269-53DE7A106FAC}.Release|Any CPU.ActiveCfg = Release|Any CPU
		{4C263696-40AD-482C-B269-53DE7A106FAC}.Release|Any CPU.Build.0 = Release|Any CPU
	EndGlobalSection
	GlobalSection(SolutionProperties) = preSolution
		HideSolutionNode = FALSE
	EndGlobalSection
	GlobalSection(ExtensibilityGlobals) = postSolution
		SolutionGuid = {2677F132-CAEC-4512-9157-543B12827BC8}
	EndGlobalSection
EndGlobal
