
Microsoft Visual Studio Solution File, Format Version 12.00
# Visual Studio Version 16
VisualStudioVersion = 16.0.31729.503
MinimumVisualStudioVersion = 10.0.40219.1
Project("{FAE04EC0-301F-11D3-BF4B-00C04F79EFBC}") = "MethodSubmissionAssignment", "MethodSubmissionAssignment\MethodSubmissionAssignment.csproj", "{20CB7DAB-60A4-45A4-8265-7CC1E9833620}"
EndProject
Global
	GlobalSection(SolutionConfigurationPlatforms) = preSolution
		Debug|Any CPU = Debug|Any CPU
		Release|Any CPU = Release|Any CPU
	EndGlobalSection
	GlobalSection(ProjectConfigurationPlatforms) = postSolution
		{20CB7DAB-60A4-45A4-8265-7CC1E9833620}.Debug|Any CPU.ActiveCfg = Debug|Any CPU
		{20CB7DAB-60A4-45A4-8265-7CC1E9833620}.Debug|Any CPU.Build.0 = Debug|Any CPU
		{20CB7DAB-60A4-45A4-8265-7CC1E9833620}.Release|Any CPU.ActiveCfg = Release|Any CPU
		{20CB7DAB-60A4-45A4-8265-7CC1E9833620}.Release|Any CPU.Build.0 = Release|Any CPU
	EndGlobalSection
	GlobalSection(SolutionProperties) = preSolution
		HideSolutionNode = FALSE
	EndGlobalSection
	GlobalSection(ExtensibilityGlobals) = postSolution
		SolutionGuid = {5C81577D-979D-4651-AB84-ACD7CAD24443}
	EndGlobalSection
EndGlobal
