
Microsoft Visual Studio Solution File, Format Version 12.00
# Visual Studio Version 16
VisualStudioVersion = 16.0.32002.261
MinimumVisualStudioVersion = 10.0.40219.1
Project("{FAE04EC0-301F-11D3-BF4B-00C04F79EFBC}") = "FinalSubmissionAssignment", "FinalSubmissionAssignment\FinalSubmissionAssignment.csproj", "{A13302FD-4016-4A9C-BA83-9BEF34281633}"
EndProject
Global
	GlobalSection(SolutionConfigurationPlatforms) = preSolution
		Debug|Any CPU = Debug|Any CPU
		Release|Any CPU = Release|Any CPU
	EndGlobalSection
	GlobalSection(ProjectConfigurationPlatforms) = postSolution
		{A13302FD-4016-4A9C-BA83-9BEF34281633}.Debug|Any CPU.ActiveCfg = Debug|Any CPU
		{A13302FD-4016-4A9C-BA83-9BEF34281633}.Debug|Any CPU.Build.0 = Debug|Any CPU
		{A13302FD-4016-4A9C-BA83-9BEF34281633}.Release|Any CPU.ActiveCfg = Release|Any CPU
		{A13302FD-4016-4A9C-BA83-9BEF34281633}.Release|Any CPU.Build.0 = Release|Any CPU
	EndGlobalSection
	GlobalSection(SolutionProperties) = preSolution
		HideSolutionNode = FALSE
	EndGlobalSection
	GlobalSection(ExtensibilityGlobals) = postSolution
		SolutionGuid = {3E668D7E-13F7-47F7-98E3-98CEC6C7D557}
	EndGlobalSection
EndGlobal
