
Microsoft Visual Studio Solution File, Format Version 12.00
# Visual Studio Version 16
VisualStudioVersion = 16.0.31729.503
MinimumVisualStudioVersion = 10.0.40219.1
Project("{FAE04EC0-301F-11D3-BF4B-00C04F79EFBC}") = "AbstractClassAssignment", "AbstractClassAssignment\AbstractClassAssignment.csproj", "{929B3684-10D5-4683-ACB1-78D30842E756}"
EndProject
Global
	GlobalSection(SolutionConfigurationPlatforms) = preSolution
		Debug|Any CPU = Debug|Any CPU
		Release|Any CPU = Release|Any CPU
	EndGlobalSection
	GlobalSection(ProjectConfigurationPlatforms) = postSolution
		{929B3684-10D5-4683-ACB1-78D30842E756}.Debug|Any CPU.ActiveCfg = Debug|Any CPU
		{929B3684-10D5-4683-ACB1-78D30842E756}.Debug|Any CPU.Build.0 = Debug|Any CPU
		{929B3684-10D5-4683-ACB1-78D30842E756}.Release|Any CPU.ActiveCfg = Release|Any CPU
		{929B3684-10D5-4683-ACB1-78D30842E756}.Release|Any CPU.Build.0 = Release|Any CPU
	EndGlobalSection
	GlobalSection(SolutionProperties) = preSolution
		HideSolutionNode = FALSE
	EndGlobalSection
	GlobalSection(ExtensibilityGlobals) = postSolution
		SolutionGuid = {C9282E2C-28F6-4C2E-9D49-8B0861811EE7}
	EndGlobalSection
EndGlobal
