
Microsoft Visual Studio Solution File, Format Version 12.00
# Visual Studio Version 16
VisualStudioVersion = 16.0.31729.503
MinimumVisualStudioVersion = 10.0.40219.1
Project("{FAE04EC0-301F-11D3-BF4B-00C04F79EFBC}") = "MethodClass", "MethodClass\MethodClass.csproj", "{E6AB1A69-ABD3-4CAA-AE39-67EA0A1CEBCA}"
EndProject
Global
	GlobalSection(SolutionConfigurationPlatforms) = preSolution
		Debug|Any CPU = Debug|Any CPU
		Release|Any CPU = Release|Any CPU
	EndGlobalSection
	GlobalSection(ProjectConfigurationPlatforms) = postSolution
		{E6AB1A69-ABD3-4CAA-AE39-67EA0A1CEBCA}.Debug|Any CPU.ActiveCfg = Debug|Any CPU
		{E6AB1A69-ABD3-4CAA-AE39-67EA0A1CEBCA}.Debug|Any CPU.Build.0 = Debug|Any CPU
		{E6AB1A69-ABD3-4CAA-AE39-67EA0A1CEBCA}.Release|Any CPU.ActiveCfg = Release|Any CPU
		{E6AB1A69-ABD3-4CAA-AE39-67EA0A1CEBCA}.Release|Any CPU.Build.0 = Release|Any CPU
	EndGlobalSection
	GlobalSection(SolutionProperties) = preSolution
		HideSolutionNode = FALSE
	EndGlobalSection
	GlobalSection(ExtensibilityGlobals) = postSolution
		SolutionGuid = {3760999D-2188-4AE7-B17B-D8CF8DAF4E1D}
	EndGlobalSection
EndGlobal
